github.com/go-chi/chi v1.5.1 h1:kfTK3Cxd/dkMu/rKs5ZceWYp+t5CtiE7vmaTv3LjC6w=
github.com/go-chi/chi v1.5.1/go.mod h1:REp24E+25iKvxgeTfHmdUoL5x15kBiDBlnIl5bCwe2k=
github.com/joeshaw/envdecode v0.0.0-20200121155833-099f1fc765bd h1:nIzoSW6OhhppWLm4yqBwZsKJlAayUu5FGozhrF3ETSM=
github.com/joeshaw/envdecode v0.0.0-20200121155833-099f1fc765bd/go.mod h1:MEQrHur0g8VplbLOv5vXmDzacSaH9Z7XhcgsSh1xciU=
